{
  "name": "openbutler-loop-control-plane",
  "version": "0.1.0",
  "lockfileVersion": 3,
  "requires": true,
  "packages": {
    "": {
      "name": "openbutler-loop-control-plane",
      "version": "0.1.0",
      "dependencies": {
        "@cobusgreyling/loop-audit": "1.6.0",
        "@cobusgreyling/loop-context": "1.1.0",
        "@cobusgreyling/loop-cost": "1.1.0",
        "@cobusgreyling/loop-init": "1.4.0",
        "@cobusgreyling/loop-sync": "1.0.0",
        "@cobusgreyling/loop-worktree": "1.0.0",
        "yaml": "2.9.0"
      }
    },
    "node_modules/@cobusgreyling/loop-audit": {
      "version": "1.6.0",
      "resolved": "https://registry.npmjs.org/@cobusgreyling/loop-audit/-/loop-audit-1.6.0.tgz",
      "integrity": "sha512-e9g8PCYIbXsAYamo5N6uiqB/gRVkBfoKbWc+M1qFFyD8w5yaD/t1eWFnjmM5FzdpXz69Qj2EJHXcP7O2+G1irw==",
      "license": "MIT",
      "bin": {
        "loop-audit": "dist/cli.js"
      },
      "engines": {
        "node": ">=18"
      }
    },
    "node_modules/@cobusgreyling/loop-context": {
      "version": "1.1.0",
      "resolved": "https://registry.npmjs.org/@cobusgreyling/loop-context/-/loop-context-1.1.0.tgz",
      "integrity": "sha512-QII8P/2lGx6ENpu6xXx3/Wu0fpBTykY4O0nUMfy9qiiwze1ijYjhwLnwMpqP9itRf04tidrnwrg67oCDlXXvZA==",
      "license": "MIT",
      "dependencies": {
        "@cobusgreyling/loop-cost": "^1.1.0"
      },
      "bin": {
        "loop-context": "dist/cli.js"
      },
      "engines": {
        "node": ">=18"
      }
    },
    "node_modules/@cobusgreyling/loop-cost": {
      "version": "1.1.0",
      "resolved": "https://registry.npmjs.org/@cobusgreyling/loop-cost/-/loop-cost-1.1.0.tgz",
      "integrity": "sha512-lBT2YtTaqWpi50FqtbBEfTxeghepeOWPotIuhNC4xxy5vzJAdJGjMpHetrRbRUoa3ktH5q1lMCG8UEytru24Vw==",
      "license": "MIT",
      "dependencies": {
        "yaml": "^2.8.0"
      },
      "bin": {
        "loop-cost": "dist/cli.js"
      },
      "engines": {
        "node": ">=18"
      }
    },
    "node_modules/@cobusgreyling/loop-init": {
      "version": "1.4.0",
      "resolved": "https://registry.npmjs.org/@cobusgreyling/loop-init/-/loop-init-1.4.0.tgz",
      "integrity": "sha512-B+pQsxC0AkV4x/N5P5jjoqmz6ww4Jkhq1+5nmHMvDuln4bF008qS5W07q/GTEP6Av5NlISTUZT2PuKH9+E5lyA==",
      "license": "MIT",
      "dependencies": {
        "@cobusgreyling/loop-audit": "^1.5.0"
      },
      "bin": {
        "loop-init": "dist/cli.js"
      },
      "engines": {
        "node": ">=18"
      }
    },
    "node_modules/@cobusgreyling/loop-sync": {
      "version": "1.0.0",
      "resolved": "https://registry.npmjs.org/@cobusgreyling/loop-sync/-/loop-sync-1.0.0.tgz",
      "integrity": "sha512-yoZK4I8Ter+cqiZi+w8eN9Qr1H9NgYou/F1PiY4w+PLnw2HYUSvKg26wZZOxHfrHDoDPaOy/trxQZ7uqL92PvQ==",
      "license": "MIT",
      "bin": {
        "loop-sync": "dist/cli.js"
      },
      "engines": {
        "node": ">=18"
      }
    },
    "node_modules/@cobusgreyling/loop-worktree": {
      "version": "1.0.0",
      "resolved": "https://registry.npmjs.org/@cobusgreyling/loop-worktree/-/loop-worktree-1.0.0.tgz",
      "integrity": "sha512-cwrdyuL4cdj4l9aGjA8mdOA5r5a2SA9kI6TYGkK/SngtcsaAUD4xIw11W3BPwmiqPp77yCimQ1cF5qL3QGFFxw==",
      "license": "MIT",
      "bin": {
        "loop-worktree": "dist/cli.js"
      },
      "engines": {
        "node": ">=18"
      }
    },
    "node_modules/yaml": {
      "version": "2.9.0",
      "resolved": "https://registry.npmjs.org/yaml/-/yaml-2.9.0.tgz",
      "integrity": "sha512-2AvhNX3mb8zd6Zy7INTtSpl1F15HW6Wnqj0srWlkKLcpYl/gMIMJiyuGq2KeI2YFxUPjdlB+3Lc10seMLtL4cA==",
      "license": "ISC",
      "bin": {
        "yaml": "bin.mjs"
      },
      "engines": {
        "node": ">= 14.6"
      },
      "funding": {
        "url": "https://github.com/sponsors/eemeli"
      }
    }
  }
}
